
Microsoft Visual Studio Solution File, Format Version 12.00
# Visual Studio 15
VisualStudioVersion = 15.0.28307.421
MinimumVisualStudioVersion = 10.0.40219.1
Project("{2150E333-8FDC-42A3-9474-1A3956D46DE8}") = "0 - Presentation", "0 - Presentation", "{BFB8554A-518F-4EB8-BD99-F0F0F8688A76}"
EndProject
Project("{2150E333-8FDC-42A3-9474-1A3956D46DE8}") = "1 - Gateway", "1 - Gateway", "{807B1280-F843-4402-879F-D05E28D2D569}"
EndProject
Project("{2150E333-8FDC-42A3-9474-1A3956D46DE8}") = "2 - Domain", "2 - Domain", "{81915700-7E31-41C6-AC3D-BC6B39EF3820}"
EndProject
Project("{9A19103F-16F7-4668-BE54-9A1E7A4F7556}") = "fidelity.api", "fidelity.api\fidelity.api.csproj", "{C50441AB-95D7-413F-8313-AEA77AD04D43}"
EndProject
Project("{9A19103F-16F7-4668-BE54-9A1E7A4F7556}") = "fidelity.domain", "fidelity.domain\fidelity.domain.csproj", "{0B2AE083-1298-4BE6-B7CF-EA2CE45E6A88}"
EndProject
Project("{FAE04EC0-301F-11D3-BF4B-00C04F79EFBC}") = "fidelity.web", "fidelity.web\fidelity.web.csproj", "{26262D40-AE30-4F10-BFE3-F030DFD15E2A}"
EndProject
Global
	GlobalSection(SolutionConfigurationPlatforms) = preSolution
		Debug|Any CPU = Debug|Any CPU
		Release|Any CPU = Release|Any CPU
	EndGlobalSection
	GlobalSection(ProjectConfigurationPlatforms) = postSolution
		{C50441AB-95D7-413F-8313-AEA77AD04D43}.Debug|Any CPU.ActiveCfg = Debug|Any CPU
		{C50441AB-95D7-413F-8313-AEA77AD04D43}.Debug|Any CPU.Build.0 = Debug|Any CPU
		{C50441AB-95D7-413F-8313-AEA77AD04D43}.Release|Any CPU.ActiveCfg = Release|Any CPU
		{C50441AB-95D7-413F-8313-AEA77AD04D43}.Release|Any CPU.Build.0 = Release|Any CPU
		{0B2AE083-1298-4BE6-B7CF-EA2CE45E6A88}.Debug|Any CPU.ActiveCfg = Debug|Any CPU
		{0B2AE083-1298-4BE6-B7CF-EA2CE45E6A88}.Debug|Any CPU.Build.0 = Debug|Any CPU
		{0B2AE083-1298-4BE6-B7CF-EA2CE45E6A88}.Release|Any CPU.ActiveCfg = Release|Any CPU
		{0B2AE083-1298-4BE6-B7CF-EA2CE45E6A88}.Release|Any CPU.Build.0 = Release|Any CPU
		{26262D40-AE30-4F10-BFE3-F030DFD15E2A}.Debug|Any CPU.ActiveCfg = Debug|Any CPU
		{26262D40-AE30-4F10-BFE3-F030DFD15E2A}.Debug|Any CPU.Build.0 = Debug|Any CPU
		{26262D40-AE30-4F10-BFE3-F030DFD15E2A}.Release|Any CPU.ActiveCfg = Release|Any CPU
		{26262D40-AE30-4F10-BFE3-F030DFD15E2A}.Release|Any CPU.Build.0 = Release|Any CPU
	EndGlobalSection
	GlobalSection(SolutionProperties) = preSolution
		HideSolutionNode = FALSE
	EndGlobalSection
	GlobalSection(NestedProjects) = preSolution
		{C50441AB-95D7-413F-8313-AEA77AD04D43} = {807B1280-F843-4402-879F-D05E28D2D569}
		{0B2AE083-1298-4BE6-B7CF-EA2CE45E6A88} = {81915700-7E31-41C6-AC3D-BC6B39EF3820}
		{26262D40-AE30-4F10-BFE3-F030DFD15E2A} = {BFB8554A-518F-4EB8-BD99-F0F0F8688A76}
	EndGlobalSection
	GlobalSection(ExtensibilityGlobals) = postSolution
		SolutionGuid = {DCB0F1F7-8D47-4741-88AF-4F89A781942F}
	EndGlobalSection
EndGlobal
